// !$*UTF8*$!
{
	archiveVersion = 1;
	classes = {
	};
	objectVersion = 50;
	objects = {

/* Begin PBXBuildFile section */
		66CFE6C924A902CA00450C70 /* AppDelegate.swift in Sources */ = {isa = PBXBuildFile; fileRef = 66CFE6C824A902CA00450C70 /* AppDelegate.swift */; };
		66CFE6CB24A902CA00450C70 /* SceneDelegate.swift in Sources */ = {isa = PBXBuildFile; fileRef = 66CFE6CA24A902CA00450C70 /* SceneDelegate.swift */; };
		66CFE6CD24A902CA00450C70 /* MainViewController.swift in Sources */ = {isa = PBXBuildFile; fileRef = 66CFE6CC24A902CA00450C70 /* MainViewController.swift */; };
		66CFE6D024A902CA00450C70 /* Main.storyboard in Resources */ = {isa = PBXBuildFile; fileRef = 66CFE6CE24A902CA00450C70 /* Main.storyboard */; };
		66CFE6D224A902CC00450C70 /* Assets.xcassets in Resources */ = {isa = PBXBuildFile; fileRef = 66CFE6D124A902CC00450C70 /* Assets.xcassets */; };
		66CFE6D524A902CC00450C70 /* LaunchScreen.storyboard in Resources */ = {isa = PBXBuildFile; fileRef = 66CFE6D324A902CC00450C70 /* LaunchScreen.storyboard */; };
		66CFE6E024A902CD00450C70 /* FloatingSheetExampleTests.swift in Sources */ = {isa = PBXBuildFile; fileRef = 66CFE6DF24A902CD00450C70 /* FloatingSheetExampleTests.swift */; };
		66CFE6EB24A902CD00450C70 /* FloatingSheetExampleUITests.swift in Sources */ = {isa = PBXBuildFile; fileRef = 66CFE6EA24A902CD00450C70 /* FloatingSheetExampleUITests.swift */; };
		66CFE6F924A9032100450C70 /* FloatingViewController.swift in Sources */ = {isa = PBXBuildFile; fileRef = 66CFE6F824A9032100450C70 /* FloatingViewController.swift */; };
		66CFE6FE24A903A300450C70 /* FloatingSheetPresentationManager.swift in Sources */ = {isa = PBXBuildFile; fileRef = 66CFE6FB24A903A300450C70 /* FloatingSheetPresentationManager.swift */; };
		66CFE6FF24A903A300450C70 /* FloatingSheetPresentationController.swift in Sources */ = {isa = PBXBuildFile; fileRef = 66CFE6FC24A903A300450C70 /* FloatingSheetPresentationController.swift */; };
		66CFE70024A903A300450C70 /* ApparitionAnimator.swift in Sources */ = {isa = PBXBuildFile; fileRef = 66CFE6FD24A903A300450C70 /* ApparitionAnimator.swift */; };
/* End PBXBuildFile section */

/* Begin PBXContainerItemProxy section */
		66CFE6DC24A902CD00450C70 /* PBXContainerItemProxy */ = {
			isa = PBXContainerItemProxy;
			containerPortal = 66CFE6BD24A902CA00450C70 /* Project object */;
			proxyType = 1;
			remoteGlobalIDString = 66CFE6C424A902CA00450C70;
			remoteInfo = FloatingSheetExample;
		};
		66CFE6E724A902CD00450C70 /* PBXContainerItemProxy */ = {
			isa = PBXContainerItemProxy;
			containerPortal = 66CFE6BD24A902CA00450C70 /* Project object */;
			proxyType = 1;
			remoteGlobalIDString = 66CFE6C424A902CA00450C70;
			remoteInfo = FloatingSheetExample;
		};
/* End PBXContainerItemProxy section */

/* Begin PBXFileReference section */
		66CFE6C524A902CA00450C70 /* FloatingSheetExample.app */ = {isa = PBXFileReference; explicitFileType = wrapper.application; includeInIndex = 0; path = FloatingSheetExample.app; sourceTree = BUILT_PRODUCTS_DIR; };
		66CFE6C824A902CA00450C70 /* AppDelegate.swift */ = {isa = PBXFileReference; lastKnownFileType = sourcecode.swift; path = AppDelegate.swift; sourceTree = "<group>"; };
		66CFE6CA24A902CA00450C70 /* SceneDelegate.swift */ = {isa = PBXFileReference; lastKnownFileType = sourcecode.swift; path = SceneDelegate.swift; sourceTree = "<group>"; };
		66CFE6CC24A902CA00450C70 /* MainViewController.swift */ = {isa = PBXFileReference; lastKnownFileType = sourcecode.swift; path = MainViewController.swift; sourceTree = "<group>"; };
		66CFE6CF24A902CA00450C70 /* Base */ = {isa = PBXFileReference; lastKnownFileType = file.storyboard; name = Base; path = Base.lproj/Main.storyboard; sourceTree = "<group>"; };
		66CFE6D124A902CC00450C70 /* Assets.xcassets */ = {isa = PBXFileReference; lastKnownFileType = folder.assetcatalog; path = Assets.xcassets; sourceTree = "<group>"; };
		66CFE6D424A902CC00450C70 /* Base */ = {isa = PBXFileReference; lastKnownFileType = file.storyboard; name = Base; path = Base.lproj/LaunchScreen.storyboard; sourceTree = "<group>"; };
		66CFE6D624A902CC00450C70 /* Info.plist */ = {isa = PBXFileReference; lastKnownFileType = text.plist.xml; path = Info.plist; sourceTree = "<group>"; };
		66CFE6DB24A902CD00450C70 /* FloatingSheetExampleTests.xctest */ = {isa = PBXFileReference; explicitFileType = wrapper.cfbundle; includeInIndex = 0; path = FloatingSheetExampleTests.xctest; sourceTree = BUILT_PRODUCTS_DIR; };
		66CFE6DF24A902CD00450C70 /* FloatingSheetExampleTests.swift */ = {isa = PBXFileReference; lastKnownFileType = sourcecode.swift; path = FloatingSheetExampleTests.swift; sourceTree = "<group>"; };
		66CFE6E124A902CD00450C70 /* Info.plist */ = {isa = PBXFileReference; lastKnownFileType = text.plist.xml; path = Info.plist; sourceTree = "<group>"; };
		66CFE6E624A902CD00450C70 /* FloatingSheetExampleUITests.xctest */ = {isa = PBXFileReference; explicitFileType = wrapper.cfbundle; includeInIndex = 0; path = FloatingSheetExampleUITests.xctest; sourceTree = BUILT_PRODUCTS_DIR; };
		66CFE6EA24A902CD00450C70 /* FloatingSheetExampleUITests.swift */ = {isa = PBXFileReference; lastKnownFileType = sourcecode.swift; path = FloatingSheetExampleUITests.swift; sourceTree = "<group>"; };
		66CFE6EC24A902CD00450C70 /* Info.plist */ = {isa = PBXFileReference; lastKnownFileType = text.plist.xml; path = Info.plist; sourceTree = "<group>"; };
		66CFE6F824A9032100450C70 /* FloatingViewController.swift */ = {isa = PBXFileReference; lastKnownFileType = sourcecode.swift; path = FloatingViewController.swift; sourceTree = "<group>"; };
		66CFE6FB24A903A300450C70 /* FloatingSheetPresentationManager.swift */ = {isa = PBXFileReference; fileEncoding = 4; lastKnownFileType = sourcecode.swift; path = FloatingSheetPresentationManager.swift; sourceTree = "<group>"; };
		66CFE6FC24A903A300450C70 /* FloatingSheetPresentationController.swift */ = {isa = PBXFileReference; fileEncoding = 4; lastKnownFileType = sourcecode.swift; path = FloatingSheetPresentationController.swift; sourceTree = "<group>"; };
		66CFE6FD24A903A300450C70 /* ApparitionAnimator.swift */ = {isa = PBXFileReference; fileEncoding = 4; lastKnownFileType = sourcecode.swift; path = ApparitionAnimator.swift; sourceTree = "<group>"; };
/* End PBXFileReference section */

/* Begin PBXFrameworksBuildPhase section */
		66CFE6C224A902CA00450C70 /* Frameworks */ = {
			isa = PBXFrameworksBuildPhase;
			buildActionMask = 2147483647;
			files = (
			);
			runOnlyForDeploymentPostprocessing = 0;
		};
		66CFE6D824A902CD00450C70 /* Frameworks */ = {
			isa = PBXFrameworksBuildPhase;
			buildActionMask = 2147483647;
			files = (
			);
			runOnlyForDeploymentPostprocessing = 0;
		};
		66CFE6E324A902CD00450C70 /* Frameworks */ = {
			isa = PBXFrameworksBuildPhase;
			buildActionMask = 2147483647;
			files = (
			);
			runOnlyForDeploymentPostprocessing = 0;
		};
/* End PBXFrameworksBuildPhase section */

/* Begin PBXGroup section */
		66CFE6BC24A902C900450C70 = {
			isa = PBXGroup;
			children = (
				66CFE6C724A902CA00450C70 /* FloatingSheetExample */,
				66CFE6DE24A902CD00450C70 /* FloatingSheetExampleTests */,
				66CFE6E924A902CD00450C70 /* FloatingSheetExampleUITests */,
				66CFE6C624A902CA00450C70 /* Products */,
			);
			sourceTree = "<group>";
		};
		66CFE6C624A902CA00450C70 /* Products */ = {
			isa = PBXGroup;
			children = (
				66CFE6C524A902CA00450C70 /* FloatingSheetExample.app */,
				66CFE6DB24A902CD00450C70 /* FloatingSheetExampleTests.xctest */,
				66CFE6E624A902CD00450C70 /* FloatingSheetExampleUITests.xctest */,
			);
			name = Products;
			sourceTree = "<group>";
		};
		66CFE6C724A902CA00450C70 /* FloatingSheetExample */ = {
			isa = PBXGroup;
			children = (
				66CFE6FA24A9035900450C70 /* Presentation */,
				66CFE6C824A902CA00450C70 /* AppDelegate.swift */,
				66CFE6D124A902CC00450C70 /* Assets.xcassets */,
				66CFE6F824A9032100450C70 /* FloatingViewController.swift */,
				66CFE6D624A902CC00450C70 /* Info.plist */,
				66CFE6D324A902CC00450C70 /* LaunchScreen.storyboard */,
				66CFE6CE24A902CA00450C70 /* Main.storyboard */,
				66CFE6CC24A902CA00450C70 /* MainViewController.swift */,
				66CFE6CA24A902CA00450C70 /* SceneDelegate.swift */,
			);
			path = FloatingSheetExample;
			sourceTree = "<group>";
		};
		66CFE6DE24A902CD00450C70 /* FloatingSheetExampleTests */ = {
			isa = PBXGroup;
			children = (
				66CFE6DF24A902CD00450C70 /* FloatingSheetExampleTests.swift */,
				66CFE6E124A902CD00450C70 /* Info.plist */,
			);
			path = FloatingSheetExampleTests;
			sourceTree = "<group>";
		};
		66CFE6E924A902CD00450C70 /* FloatingSheetExampleUITests */ = {
			isa = PBXGroup;
			children = (
				66CFE6EA24A902CD00450C70 /* FloatingSheetExampleUITests.swift */,
				66CFE6EC24A902CD00450C70 /* Info.plist */,
			);
			path = FloatingSheetExampleUITests;
			sourceTree = "<group>";
		};
		66CFE6FA24A9035900450C70 /* Presentation */ = {
			isa = PBXGroup;
			children = (
				66CFE6FD24A903A300450C70 /* ApparitionAnimator.swift */,
				66CFE6FC24A903A300450C70 /* FloatingSheetPresentationController.swift */,
				66CFE6FB24A903A300450C70 /* FloatingSheetPresentationManager.swift */,
			);
			path = Presentation;
			sourceTree = "<group>";
		};
/* End PBXGroup section */

/* Begin PBXNativeTarget section */
		66CFE6C424A902CA00450C70 /* FloatingSheetExample */ = {
			isa = PBXNativeTarget;
			buildConfigurationList = 66CFE6EF24A902CD00450C70 /* Build configuration list for PBXNativeTarget "FloatingSheetExample" */;
			buildPhases = (
				66CFE6C124A902CA00450C70 /* Sources */,
				66CFE6C224A902CA00450C70 /* Frameworks */,
				66CFE6C324A902CA00450C70 /* Resources */,
			);
			buildRules = (
			);
			dependencies = (
			);
			name = FloatingSheetExample;
			productName = FloatingSheetExample;
			productReference = 66CFE6C524A902CA00450C70 /* FloatingSheetExample.app */;
			productType = "com.apple.product-type.application";
		};
		66CFE6DA24A902CD00450C70 /* FloatingSheetExampleTests */ = {
			isa = PBXNativeTarget;
			buildConfigurationList = 66CFE6F224A902CD00450C70 /* Build configuration list for PBXNativeTarget "FloatingSheetExampleTests" */;
			buildPhases = (
				66CFE6D724A902CD00450C70 /* Sources */,
				66CFE6D824A902CD00450C70 /* Frameworks */,
				66CFE6D924A902CD00450C70 /* Resources */,
			);
			buildRules = (
			);
			dependencies = (
				66CFE6DD24A902CD00450C70 /* PBXTargetDependency */,
			);
			name = FloatingSheetExampleTests;
			productName = FloatingSheetExampleTests;
			productReference = 66CFE6DB24A902CD00450C70 /* FloatingSheetExampleTests.xctest */;
			productType = "com.apple.product-type.bundle.unit-test";
		};
		66CFE6E524A902CD00450C70 /* FloatingSheetExampleUITests */ = {
			isa = PBXNativeTarget;
			buildConfigurationList = 66CFE6F524A902CD00450C70 /* Build configuration list for PBXNativeTarget "FloatingSheetExampleUITests" */;
			buildPhases = (
				66CFE6E224A902CD00450C70 /* Sources */,
				66CFE6E324A902CD00450C70 /* Frameworks */,
				66CFE6E424A902CD00450C70 /* Resources */,
			);
			buildRules = (
			);
			dependencies = (
				66CFE6E824A902CD00450C70 /* PBXTargetDependency */,
			);
			name = FloatingSheetExampleUITests;
			productName = FloatingSheetExampleUITests;
			productReference = 66CFE6E624A902CD00450C70 /* FloatingSheetExampleUITests.xctest */;
			productType = "com.apple.product-type.bundle.ui-testing";
		};
/* End PBXNativeTarget section */

/* Begin PBXProject section */
		66CFE6BD24A902CA00450C70 /* Project object */ = {
			isa = PBXProject;
			attributes = {
				LastSwiftUpdateCheck = 1130;
				LastUpgradeCheck = 1130;
				ORGANIZATIONNAME = "Broken Protocol Studios.";
				TargetAttributes = {
					66CFE6C424A902CA00450C70 = {
						CreatedOnToolsVersion = 11.3.1;
					};
					66CFE6DA24A902CD00450C70 = {
						CreatedOnToolsVersion = 11.3.1;
						TestTargetID = 66CFE6C424A902CA00450C70;
					};
					66CFE6E524A902CD00450C70 = {
						CreatedOnToolsVersion = 11.3.1;
						TestTargetID = 66CFE6C424A902CA00450C70;
					};
				};
			};
			buildConfigurationList = 66CFE6C024A902CA00450C70 /* Build configuration list for PBXProject "FloatingSheetExample" */;
			compatibilityVersion = "Xcode 9.3";
			developmentRegion = en;
			hasScannedForEncodings = 0;
			knownRegions = (
				en,
				Base,
			);
			mainGroup = 66CFE6BC24A902C900450C70;
			productRefGroup = 66CFE6C624A902CA00450C70 /* Products */;
			projectDirPath = "";
			projectRoot = "";
			targets = (
				66CFE6C424A902CA00450C70 /* FloatingSheetExample */,
				66CFE6DA24A902CD00450C70 /* FloatingSheetExampleTests */,
				66CFE6E524A902CD00450C70 /* FloatingSheetExampleUITests */,
			);
		};
/* End PBXProject section */

/* Begin PBXResourcesBuildPhase section */
		66CFE6C324A902CA00450C70 /* Resources */ = {
			isa = PBXResourcesBuildPhase;
			buildActionMask = 2147483647;
			files = (
				66CFE6D524A902CC00450C70 /* LaunchScreen.storyboard in Resources */,
				66CFE6D224A902CC00450C70 /* Assets.xcassets in Resources */,
				66CFE6D024A902CA00450C70 /* Main.storyboard in Resources */,
			);
			runOnlyForDeploymentPostprocessing = 0;
		};
		66CFE6D924A902CD00450C70 /* Resources */ = {
			isa = PBXResourcesBuildPhase;
			buildActionMask = 2147483647;
			files = (
			);
			runOnlyForDeploymentPostprocessing = 0;
		};
		66CFE6E424A902CD00450C70 /* Resources */ = {
			isa = PBXResourcesBuildPhase;
			buildActionMask = 2147483647;
			files = (
			);
			runOnlyForDeploymentPostprocessing = 0;
		};
/* End PBXResourcesBuildPhase section */

/* Begin PBXSourcesBuildPhase section */
		66CFE6C124A902CA00450C70 /* Sources */ = {
			isa = PBXSourcesBuildPhase;
			buildActionMask = 2147483647;
			files = (
				66CFE6CD24A902CA00450C70 /* MainViewController.swift in Sources */,
				66CFE6C924A902CA00450C70 /* AppDelegate.swift in Sources */,
				66CFE70024A903A300450C70 /* ApparitionAnimator.swift in Sources */,
				66CFE6F924A9032100450C70 /* FloatingViewController.swift in Sources */,
				66CFE6FE24A903A300450C70 /* FloatingSheetPresentationManager.swift in Sources */,
				66CFE6CB24A902CA00450C70 /* SceneDelegate.swift in Sources */,
				66CFE6FF24A903A300450C70 /* FloatingSheetPresentationController.swift in Sources */,
			);
			runOnlyForDeploymentPostprocessing = 0;
		};
		66CFE6D724A902CD00450C70 /* Sources */ = {
			isa = PBXSourcesBuildPhase;
			buildActionMask = 2147483647;
			files = (
				66CFE6E024A902CD00450C70 /* FloatingSheetExampleTests.swift in Sources */,
			);
			runOnlyForDeploymentPostprocessing = 0;
		};
		66CFE6E224A902CD00450C70 /* Sources */ = {
			isa = PBXSourcesBuildPhase;
			buildActionMask = 2147483647;
			files = (
				66CFE6EB24A902CD00450C70 /* FloatingSheetExampleUITests.swift in Sources */,
			);
			runOnlyForDeploymentPostprocessing = 0;
		};
/* End PBXSourcesBuildPhase section */

/* Begin PBXTargetDependency section */
		66CFE6DD24A902CD00450C70 /* PBXTargetDependency */ = {
			isa = PBXTargetDependency;
			target = 66CFE6C424A902CA00450C70 /* FloatingSheetExample */;
			targetProxy = 66CFE6DC24A902CD00450C70 /* PBXContainerItemProxy */;
		};
		66CFE6E824A902CD00450C70 /* PBXTargetDependency */ = {
			isa = PBXTargetDependency;
			target = 66CFE6C424A902CA00450C70 /* FloatingSheetExample */;
			targetProxy = 66CFE6E724A902CD00450C70 /* PBXContainerItemProxy */;
		};
/* End PBXTargetDependency section */

/* Begin PBXVariantGroup section */
		66CFE6CE24A902CA00450C70 /* Main.storyboard */ = {
			isa = PBXVariantGroup;
			children = (
				66CFE6CF24A902CA00450C70 /* Base */,
			);
			name = Main.storyboard;
			sourceTree = "<group>";
		};
		66CFE6D324A902CC00450C70 /* LaunchScreen.storyboard */ = {
			isa = PBXVariantGroup;
			children = (
				66CFE6D424A902CC00450C70 /* Base */,
			);
			name = LaunchScreen.storyboard;
			sourceTree = "<group>";
		};
/* End PBXVariantGroup section */

/* Begin XCBuildConfiguration section */
		66CFE6ED24A902CD00450C70 /* Debug */ = {
			isa = XCBuildConfiguration;
			buildSettings = {
				ALWAYS_SEARCH_USER_PATHS = NO;
				CLANG_ANALYZER_NONNULL = YES;
				CLANG_ANALYZER_NUMBER_OBJECT_CONVERSION = YES_AGGRESSIVE;
				CLANG_CXX_LANGUAGE_STANDARD = "gnu++14";
				CLANG_CXX_LIBRARY = "libc++";
				CLANG_ENABLE_MODULES = YES;
				CLANG_ENABLE_OBJC_ARC = YES;
				CLANG_ENABLE_OBJC_WEAK = YES;
				CLANG_WARN_BLOCK_CAPTURE_AUTORELEASING = YES;
				CLANG_WARN_BOOL_CONVERSION = YES;
				CLANG_WARN_COMMA = YES;
				CLANG_WARN_CONSTANT_CONVERSION = YES;
				CLANG_WARN_DEPRECATED_OBJC_IMPLEMENTATIONS = YES;
				CLANG_WARN_DIRECT_OBJC_ISA_USAGE = YES_ERROR;
				CLANG_WARN_DOCUMENTATION_COMMENTS = YES;
				CLANG_WARN_EMPTY_BODY = YES;
				CLANG_WARN_ENUM_CONVERSION = YES;
				CLANG_WARN_INFINITE_RECURSION = YES;
				CLANG_WARN_INT_CONVERSION = YES;
				CLANG_WARN_NON_LITERAL_NULL_CONVERSION = YES;
				CLANG_WARN_OBJC_IMPLICIT_RETAIN_SELF = YES;
				CLANG_WARN_OBJC_LITERAL_CONVERSION = YES;
				CLANG_WARN_OBJC_ROOT_CLASS = YES_ERROR;
				CLANG_WARN_RANGE_LOOP_ANALYSIS = YES;
				CLANG_WARN_STRICT_PROTOTYPES = YES;
				CLANG_WARN_SUSPICIOUS_MOVE = YES;
				CLANG_WARN_UNGUARDED_AVAILABILITY = YES_AGGRESSIVE;
				CLANG_WARN_UNREACHABLE_CODE = YES;
				CLANG_WARN__DUPLICATE_METHOD_MATCH = YES;
				COPY_PHASE_STRIP = NO;
				DEBUG_INFORMATION_FORMAT = dwarf;
				ENABLE_STRICT_OBJC_MSGSEND = YES;
				ENABLE_TESTABILITY = YES;
				GCC_C_LANGUAGE_STANDARD = gnu11;
				GCC_DYNAMIC_NO_PIC = NO;
				GCC_NO_COMMON_BLOCKS = YES;
				GCC_OPTIMIZATION_LEVEL = 0;
				GCC_PREPROCESSOR_DEFINITIONS = (
					"DEBUG=1",
					"$(inherited)",
				);
				GCC_WARN_64_TO_32_BIT_CONVERSION = YES;
				GCC_WARN_ABOUT_RETURN_TYPE = YES_ERROR;
				GCC_WARN_UNDECLARED_SELECTOR = YES;
				GCC_WARN_UNINITIALIZED_AUTOS = YES_AGGRESSIVE;
				GCC_WARN_UNUSED_FUNCTION = YES;
				GCC_WARN_UNUSED_VARIABLE = YES;
				IPHONEOS_DEPLOYMENT_TARGET = 13.2;
				MTL_ENABLE_DEBUG_INFO = INCLUDE_SOURCE;
				MTL_FAST_MATH = YES;
				ONLY_ACTIVE_ARCH = YES;
				SDKROOT = iphoneos;
				SWIFT_ACTIVE_COMPILATION_CONDITIONS = DEBUG;
				SWIFT_OPTIMIZATION_LEVEL = "-Onone";
			};
			name = Debug;
		};
		66CFE6EE24A902CD00450C70 /* Release */ = {
			isa = XCBuildConfiguration;
			buildSettings = {
				ALWAYS_SEARCH_USER_PATHS = NO;
				CLANG_ANALYZER_NONNULL = YES;
				CLANG_ANALYZER_NUMBER_OBJECT_CONVERSION = YES_AGGRESSIVE;
				CLANG_CXX_LANGUAGE_STANDARD = "gnu++14";
				CLANG_CXX_LIBRARY = "libc++";
				CLANG_ENABLE_MODULES = YES;
				CLANG_ENABLE_OBJC_ARC = YES;
				CLANG_ENABLE_OBJC_WEAK = YES;
				CLANG_WARN_BLOCK_CAPTURE_AUTORELEASING = YES;
				CLANG_WARN_BOOL_CONVERSION = YES;
				CLANG_WARN_COMMA = YES;
				CLANG_WARN_CONSTANT_CONVERSION = YES;
				CLANG_WARN_DEPRECATED_OBJC_IMPLEMENTATIONS = YES;
				CLANG_WARN_DIRECT_OBJC_ISA_USAGE = YES_ERROR;
				CLANG_WARN_DOCUMENTATION_COMMENTS = YES;
				CLANG_WARN_EMPTY_BODY = YES;
				CLANG_WARN_ENUM_CONVERSION = YES;
				CLANG_WARN_INFINITE_RECURSION = YES;
				CLANG_WARN_INT_CONVERSION = YES;
				CLANG_WARN_NON_LITERAL_NULL_CONVERSION = YES;
				CLANG_WARN_OBJC_IMPLICIT_RETAIN_SELF = YES;
				CLANG_WARN_OBJC_LITERAL_CONVERSION = YES;
				CLANG_WARN_OBJC_ROOT_CLASS = YES_ERROR;
				CLANG_WARN_RANGE_LOOP_ANALYSIS = YES;
				CLANG_WARN_STRICT_PROTOTYPES = YES;
				CLANG_WARN_SUSPICIOUS_MOVE = YES;
				CLANG_WARN_UNGUARDED_AVAILABILITY = YES_AGGRESSIVE;
				CLANG_WARN_UNREACHABLE_CODE = YES;
				CLANG_WARN__DUPLICATE_METHOD_MATCH = YES;
				COPY_PHASE_STRIP = NO;
				DEBUG_INFORMATION_FORMAT = "dwarf-with-dsym";
				ENABLE_NS_ASSERTIONS = NO;
				ENABLE_STRICT_OBJC_MSGSEND = YES;
				GCC_C_LANGUAGE_STANDARD = gnu11;
				GCC_NO_COMMON_BLOCKS = YES;
				GCC_WARN_64_TO_32_BIT_CONVERSION = YES;
				GCC_WARN_ABOUT_RETURN_TYPE = YES_ERROR;
				GCC_WARN_UNDECLARED_SELECTOR = YES;
				GCC_WARN_UNINITIALIZED_AUTOS = YES_AGGRESSIVE;
				GCC_WARN_UNUSED_FUNCTION = YES;
				GCC_WARN_UNUSED_VARIABLE = YES;
				IPHONEOS_DEPLOYMENT_TARGET = 13.2;
				MTL_ENABLE_DEBUG_INFO = NO;
				MTL_FAST_MATH = YES;
				SDKROOT = iphoneos;
				SWIFT_COMPILATION_MODE = wholemodule;
				SWIFT_OPTIMIZATION_LEVEL = "-O";
				VALIDATE_PRODUCT = YES;
			};
			name = Release;
		};
		66CFE6F024A902CD00450C70 /* Debug */ = {
			isa = XCBuildConfiguration;
			buildSettings = {
				ASSETCATALOG_COMPILER_APPICON_NAME = AppIcon;
				CODE_SIGN_STYLE = Automatic;
				DEVELOPMENT_TEAM = L3Q375J3EJ;
				INFOPLIST_FILE = FloatingSheetExample/Info.plist;
				LD_RUNPATH_SEARCH_PATHS = (
					"$(inherited)",
					"@executable_path/Frameworks",
				);
				PRODUCT_BUNDLE_IDENTIFIER = "com.broken-protocol.FloatingSheetExample";
				PRODUCT_NAME = "$(TARGET_NAME)";
				SWIFT_VERSION = 5.0;
				TARGETED_DEVICE_FAMILY = "1,2";
			};
			name = Debug;
		};
		66CFE6F124A902CD00450C70 /* Release */ = {
			isa = XCBuildConfiguration;
			buildSettings = {
				ASSETCATALOG_COMPILER_APPICON_NAME = AppIcon;
				CODE_SIGN_STYLE = Automatic;
				DEVELOPMENT_TEAM = L3Q375J3EJ;
				INFOPLIST_FILE = FloatingSheetExample/Info.plist;
				LD_RUNPATH_SEARCH_PATHS = (
					"$(inherited)",
					"@executable_path/Frameworks",
				);
				PRODUCT_BUNDLE_IDENTIFIER = "com.broken-protocol.FloatingSheetExample";
				PRODUCT_NAME = "$(TARGET_NAME)";
				SWIFT_VERSION = 5.0;
				TARGETED_DEVICE_FAMILY = "1,2";
			};
			name = Release;
		};
		66CFE6F324A902CD00450C70 /* Debug */ = {
			isa = XCBuildConfiguration;
			buildSettings = {
				ALWAYS_EMBED_SWIFT_STANDARD_LIBRARIES = YES;
				BUNDLE_LOADER = "$(TEST_HOST)";
				CODE_SIGN_STYLE = Automatic;
				DEVELOPMENT_TEAM = L3Q375J3EJ;
				INFOPLIST_FILE = FloatingSheetExampleTests/Info.plist;
				IPHONEOS_DEPLOYMENT_TARGET = 13.2;
				LD_RUNPATH_SEARCH_PATHS = (
					"$(inherited)",
					"@executable_path/Frameworks",
					"@loader_path/Frameworks",
				);
				PRODUCT_BUNDLE_IDENTIFIER = "com.broken-protocol.FloatingSheetExampleTests";
				PRODUCT_NAME = "$(TARGET_NAME)";
				SWIFT_VERSION = 5.0;
				TARGETED_DEVICE_FAMILY = "1,2";
				TEST_HOST = "$(BUILT_PRODUCTS_DIR)/FloatingSheetExample.app/FloatingSheetExample";
			};
			name = Debug;
		};
		66CFE6F424A902CD00450C70 /* Release */ = {
			isa = XCBuildConfiguration;
			buildSettings = {
				ALWAYS_EMBED_SWIFT_STANDARD_LIBRARIES = YES;
				BUNDLE_LOADER = "$(TEST_HOST)";
				CODE_SIGN_STYLE = Automatic;
				DEVELOPMENT_TEAM = L3Q375J3EJ;
				INFOPLIST_FILE = FloatingSheetExampleTests/Info.plist;
				IPHONEOS_DEPLOYMENT_TARGET = 13.2;
				LD_RUNPATH_SEARCH_PATHS = (
					"$(inherited)",
					"@executable_path/Frameworks",
					"@loader_path/Frameworks",
				);
				PRODUCT_BUNDLE_IDENTIFIER = "com.broken-protocol.FloatingSheetExampleTests";
				PRODUCT_NAME = "$(TARGET_NAME)";
				SWIFT_VERSION = 5.0;
				TARGETED_DEVICE_FAMILY = "1,2";
				TEST_HOST = "$(BUILT_PRODUCTS_DIR)/FloatingSheetExample.app/FloatingSheetExample";
			};
			name = Release;
		};
		66CFE6F624A902CD00450C70 /* Debug */ = {
			isa = XCBuildConfiguration;
			buildSettings = {
				ALWAYS_EMBED_SWIFT_STANDARD_LIBRARIES = YES;
				CODE_SIGN_STYLE = Automatic;
				DEVELOPMENT_TEAM = L3Q375J3EJ;
				INFOPLIST_FILE = FloatingSheetExampleUITests/Info.plist;
				LD_RUNPATH_SEARCH_PATHS = (
					"$(inherited)",
					"@executable_path/Frameworks",
					"@loader_path/Frameworks",
				);
				PRODUCT_BUNDLE_IDENTIFIER = "com.broken-protocol.FloatingSheetExampleUITests";
				PRODUCT_NAME = "$(TARGET_NAME)";
				SWIFT_VERSION = 5.0;
				TARGETED_DEVICE_FAMILY = "1,2";
				TEST_TARGET_NAME = FloatingSheetExample;
			};
			name = Debug;
		};
		66CFE6F724A902CD00450C70 /* Release */ = {
			isa = XCBuildConfiguration;
			buildSettings = {
				ALWAYS_EMBED_SWIFT_STANDARD_LIBRARIES = YES;
				CODE_SIGN_STYLE = Automatic;
				DEVELOPMENT_TEAM = L3Q375J3EJ;
				INFOPLIST_FILE = FloatingSheetExampleUITests/Info.plist;
				LD_RUNPATH_SEARCH_PATHS = (
					"$(inherited)",
					"@executable_path/Frameworks",
					"@loader_path/Frameworks",
				);
				PRODUCT_BUNDLE_IDENTIFIER = "com.broken-protocol.FloatingSheetExampleUITests";
				PRODUCT_NAME = "$(TARGET_NAME)";
				SWIFT_VERSION = 5.0;
				TARGETED_DEVICE_FAMILY = "1,2";
				TEST_TARGET_NAME = FloatingSheetExample;
			};
			name = Release;
		};
/* End XCBuildConfiguration section */

/* Begin XCConfigurationList section */
		66CFE6C024A902CA00450C70 /* Build configuration list for PBXProject "FloatingSheetExample" */ = {
			isa = XCConfigurationList;
			buildConfigurations = (
				66CFE6ED24A902CD00450C70 /* Debug */,
				66CFE6EE24A902CD00450C70 /* Release */,
			);
			defaultConfigurationIsVisible = 0;
			defaultConfigurationName = Release;
		};
		66CFE6EF24A902CD00450C70 /* Build configuration list for PBXNativeTarget "FloatingSheetExample" */ = {
			isa = XCConfigurationList;
			buildConfigurations = (
				66CFE6F024A902CD00450C70 /* Debug */,
				66CFE6F124A902CD00450C70 /* Release */,
			);
			defaultConfigurationIsVisible = 0;
			defaultConfigurationName = Release;
		};
		66CFE6F224A902CD00450C70 /* Build configuration list for PBXNativeTarget "FloatingSheetExampleTests" */ = {
			isa = XCConfigurationList;
			buildConfigurations = (
				66CFE6F324A902CD00450C70 /* Debug */,
				66CFE6F424A902CD00450C70 /* Release */,
			);
			defaultConfigurationIsVisible = 0;
			defaultConfigurationName = Release;
		};
		66CFE6F524A902CD00450C70 /* Build configuration list for PBXNativeTarget "FloatingSheetExampleUITests" */ = {
			isa = XCConfigurationList;
			buildConfigurations = (
				66CFE6F624A902CD00450C70 /* Debug */,
				66CFE6F724A902CD00450C70 /* Release */,
			);
			defaultConfigurationIsVisible = 0;
			defaultConfigurationName = Release;
		};
/* End XCConfigurationList section */
	};
	rootObject = 66CFE6BD24A902CA00450C70 /* Project object */;
}
